
Microsoft Visual Studio Solution File, Format Version 12.00
# Visual Studio Version 16
VisualStudioVersion = 16.0.30114.105
MinimumVisualStudioVersion = 10.0.40219.1
Project("{2150E333-8FDC-42A3-9474-1A3956D46DE8}") = "Item 01", "Item 01", "{498B8432-4C60-4822-8D54-8EE55C8B2C74}"
EndProject
Project("{FAE04EC0-301F-11D3-BF4B-00C04F79EFBC}") = "01.1.TiposDeValor", "Item 01\01.1.TiposDeValor\01.1.TiposDeValor.csproj", "{82A7AE35-0821-4D4D-B7ED-BEDA90BCF6BE}"
EndProject
Project("{FAE04EC0-301F-11D3-BF4B-00C04F79EFBC}") = "01.2.TiposDeReferencia", "Item 01\01.2.Coleta\01.2.TiposDeReferencia.csproj", "{CB3E167D-8457-4C50-9B4A-E4903E04C776}"
EndProject
Project("{FAE04EC0-301F-11D3-BF4B-00C04F79EFBC}") = "01.3.Finalizador", "Item 01\01.3.Finalizador\01.3.Finalizador.csproj", "{C21B990C-37C4-4E78-852E-2949A28377DB}"
EndProject
Project("{FAE04EC0-301F-11D3-BF4B-00C04F79EFBC}") = "01.4.IDisposable", "Item 01\01.4.IDisposable\01.4.IDisposable.csproj", "{4E2BA9C2-9ECD-46F3-981D-82B405A9BF87}"
EndProject
Project("{2150E333-8FDC-42A3-9474-1A3956D46DE8}") = "Item 02", "Item 02", "{DA3703EC-DE8B-4A5B-BF8C-13F713C25B77}"
EndProject
Project("{FAE04EC0-301F-11D3-BF4B-00C04F79EFBC}") = "02.1.string builder", "Item 02\02.1.string builder\02.1.string builder.csproj", "{17DE461D-3E88-4717-94D9-CDB5DF19549C}"
EndProject
Project("{FAE04EC0-301F-11D3-BF4B-00C04F79EFBC}") = "02.2.string reader", "Item 02\02.2.string reader\02.2.string reader.csproj", "{D2982147-CC4A-425C-916C-C08660601F88}"
EndProject
Project("{FAE04EC0-301F-11D3-BF4B-00C04F79EFBC}") = "02.3.string writer", "Item 02\02.3.string writer\02.3.string writer.csproj", "{9727E677-22C3-49B8-A89E-A19E2188D257}"
EndProject
Project("{FAE04EC0-301F-11D3-BF4B-00C04F79EFBC}") = "02.4.pesquisa", "Item 02\02.4.pesquisa\02.4.pesquisa.csproj", "{35CE5FAF-43BB-4F46-B49C-0378C69D00F3}"
EndProject
Project("{FAE04EC0-301F-11D3-BF4B-00C04F79EFBC}") = "02.5.enumerar", "Item 02\02.5.enumerar\02.5.enumerar.csproj", "{9B78CDC4-A328-49F1-B9C6-450AC51D295A}"
EndProject
Project("{FAE04EC0-301F-11D3-BF4B-00C04F79EFBC}") = "02.6 formatar", "Item 02\02.6 formatar\02.6 formatar.csproj", "{EB083AB8-0376-41BE-A148-14E30D42525A}"
EndProject
Project("{FAE04EC0-301F-11D3-BF4B-00C04F79EFBC}") = "02.7 interpolacao", "Item 02\02.7 interpolacao\02.7 interpolacao.csproj", "{C0B016BB-985F-4747-BD17-833467CA3D5B}"
EndProject
Global
	GlobalSection(SolutionConfigurationPlatforms) = preSolution
		Debug|Any CPU = Debug|Any CPU
		Debug|x64 = Debug|x64
		Debug|x86 = Debug|x86
		Release|Any CPU = Release|Any CPU
		Release|x64 = Release|x64
		Release|x86 = Release|x86
	EndGlobalSection
	GlobalSection(SolutionProperties) = preSolution
		HideSolutionNode = FALSE
	EndGlobalSection
	GlobalSection(ProjectConfigurationPlatforms) = postSolution
		{82A7AE35-0821-4D4D-B7ED-BEDA90BCF6BE}.Debug|Any CPU.ActiveCfg = Debug|Any CPU
		{82A7AE35-0821-4D4D-B7ED-BEDA90BCF6BE}.Debug|Any CPU.Build.0 = Debug|Any CPU
		{82A7AE35-0821-4D4D-B7ED-BEDA90BCF6BE}.Debug|x64.ActiveCfg = Debug|Any CPU
		{82A7AE35-0821-4D4D-B7ED-BEDA90BCF6BE}.Debug|x64.Build.0 = Debug|Any CPU
		{82A7AE35-0821-4D4D-B7ED-BEDA90BCF6BE}.Debug|x86.ActiveCfg = Debug|Any CPU
		{82A7AE35-0821-4D4D-B7ED-BEDA90BCF6BE}.Debug|x86.Build.0 = Debug|Any CPU
		{82A7AE35-0821-4D4D-B7ED-BEDA90BCF6BE}.Release|Any CPU.ActiveCfg = Release|Any CPU
		{82A7AE35-0821-4D4D-B7ED-BEDA90BCF6BE}.Release|Any CPU.Build.0 = Release|Any CPU
		{82A7AE35-0821-4D4D-B7ED-BEDA90BCF6BE}.Release|x64.ActiveCfg = Release|Any CPU
		{82A7AE35-0821-4D4D-B7ED-BEDA90BCF6BE}.Release|x64.Build.0 = Release|Any CPU
		{82A7AE35-0821-4D4D-B7ED-BEDA90BCF6BE}.Release|x86.ActiveCfg = Release|Any CPU
		{82A7AE35-0821-4D4D-B7ED-BEDA90BCF6BE}.Release|x86.Build.0 = Release|Any CPU
		{CB3E167D-8457-4C50-9B4A-E4903E04C776}.Debug|Any CPU.ActiveCfg = Debug|Any CPU
		{CB3E167D-8457-4C50-9B4A-E4903E04C776}.Debug|Any CPU.Build.0 = Debug|Any CPU
		{CB3E167D-8457-4C50-9B4A-E4903E04C776}.Debug|x64.ActiveCfg = Debug|Any CPU
		{CB3E167D-8457-4C50-9B4A-E4903E04C776}.Debug|x64.Build.0 = Debug|Any CPU
		{CB3E167D-8457-4C50-9B4A-E4903E04C776}.Debug|x86.ActiveCfg = Debug|Any CPU
		{CB3E167D-8457-4C50-9B4A-E4903E04C776}.Debug|x86.Build.0 = Debug|Any CPU
		{CB3E167D-8457-4C50-9B4A-E4903E04C776}.Release|Any CPU.ActiveCfg = Release|Any CPU
		{CB3E167D-8457-4C50-9B4A-E4903E04C776}.Release|Any CPU.Build.0 = Release|Any CPU
		{CB3E167D-8457-4C50-9B4A-E4903E04C776}.Release|x64.ActiveCfg = Release|Any CPU
		{CB3E167D-8457-4C50-9B4A-E4903E04C776}.Release|x64.Build.0 = Release|Any CPU
		{CB3E167D-8457-4C50-9B4A-E4903E04C776}.Release|x86.ActiveCfg = Release|Any CPU
		{CB3E167D-8457-4C50-9B4A-E4903E04C776}.Release|x86.Build.0 = Release|Any CPU
		{C21B990C-37C4-4E78-852E-2949A28377DB}.Debug|Any CPU.ActiveCfg = Debug|Any CPU
		{C21B990C-37C4-4E78-852E-2949A28377DB}.Debug|Any CPU.Build.0 = Debug|Any CPU
		{C21B990C-37C4-4E78-852E-2949A28377DB}.Debug|x64.ActiveCfg = Debug|Any CPU
		{C21B990C-37C4-4E78-852E-2949A28377DB}.Debug|x64.Build.0 = Debug|Any CPU
		{C21B990C-37C4-4E78-852E-2949A28377DB}.Debug|x86.ActiveCfg = Debug|Any CPU
		{C21B990C-37C4-4E78-852E-2949A28377DB}.Debug|x86.Build.0 = Debug|Any CPU
		{C21B990C-37C4-4E78-852E-2949A28377DB}.Release|Any CPU.ActiveCfg = Release|Any CPU
		{C21B990C-37C4-4E78-852E-2949A28377DB}.Release|Any CPU.Build.0 = Release|Any CPU
		{C21B990C-37C4-4E78-852E-2949A28377DB}.Release|x64.ActiveCfg = Release|Any CPU
		{C21B990C-37C4-4E78-852E-2949A28377DB}.Release|x64.Build.0 = Release|Any CPU
		{C21B990C-37C4-4E78-852E-2949A28377DB}.Release|x86.ActiveCfg = Release|Any CPU
		{C21B990C-37C4-4E78-852E-2949A28377DB}.Release|x86.Build.0 = Release|Any CPU
		{4E2BA9C2-9ECD-46F3-981D-82B405A9BF87}.Debug|Any CPU.ActiveCfg = Debug|Any CPU
		{4E2BA9C2-9ECD-46F3-981D-82B405A9BF87}.Debug|Any CPU.Build.0 = Debug|Any CPU
		{4E2BA9C2-9ECD-46F3-981D-82B405A9BF87}.Debug|x64.ActiveCfg = Debug|Any CPU
		{4E2BA9C2-9ECD-46F3-981D-82B405A9BF87}.Debug|x64.Build.0 = Debug|Any CPU
		{4E2BA9C2-9ECD-46F3-981D-82B405A9BF87}.Debug|x86.ActiveCfg = Debug|Any CPU
		{4E2BA9C2-9ECD-46F3-981D-82B405A9BF87}.Debug|x86.Build.0 = Debug|Any CPU
		{4E2BA9C2-9ECD-46F3-981D-82B405A9BF87}.Release|Any CPU.ActiveCfg = Debug|Any CPU
		{4E2BA9C2-9ECD-46F3-981D-82B405A9BF87}.Release|Any CPU.Build.0 = Debug|Any CPU
		{4E2BA9C2-9ECD-46F3-981D-82B405A9BF87}.Release|x64.ActiveCfg = Debug|Any CPU
		{4E2BA9C2-9ECD-46F3-981D-82B405A9BF87}.Release|x64.Build.0 = Debug|Any CPU
		{4E2BA9C2-9ECD-46F3-981D-82B405A9BF87}.Release|x86.ActiveCfg = Debug|Any CPU
		{4E2BA9C2-9ECD-46F3-981D-82B405A9BF87}.Release|x86.Build.0 = Debug|Any CPU
		{17DE461D-3E88-4717-94D9-CDB5DF19549C}.Debug|Any CPU.ActiveCfg = Debug|Any CPU
		{17DE461D-3E88-4717-94D9-CDB5DF19549C}.Debug|Any CPU.Build.0 = Debug|Any CPU
		{17DE461D-3E88-4717-94D9-CDB5DF19549C}.Debug|x64.ActiveCfg = Debug|Any CPU
		{17DE461D-3E88-4717-94D9-CDB5DF19549C}.Debug|x64.Build.0 = Debug|Any CPU
		{17DE461D-3E88-4717-94D9-CDB5DF19549C}.Debug|x86.ActiveCfg = Debug|Any CPU
		{17DE461D-3E88-4717-94D9-CDB5DF19549C}.Debug|x86.Build.0 = Debug|Any CPU
		{17DE461D-3E88-4717-94D9-CDB5DF19549C}.Release|Any CPU.ActiveCfg = Release|Any CPU
		{17DE461D-3E88-4717-94D9-CDB5DF19549C}.Release|Any CPU.Build.0 = Release|Any CPU
		{17DE461D-3E88-4717-94D9-CDB5DF19549C}.Release|x64.ActiveCfg = Release|Any CPU
		{17DE461D-3E88-4717-94D9-CDB5DF19549C}.Release|x64.Build.0 = Release|Any CPU
		{17DE461D-3E88-4717-94D9-CDB5DF19549C}.Release|x86.ActiveCfg = Release|Any CPU
		{17DE461D-3E88-4717-94D9-CDB5DF19549C}.Release|x86.Build.0 = Release|Any CPU
		{D2982147-CC4A-425C-916C-C08660601F88}.Debug|Any CPU.ActiveCfg = Debug|Any CPU
		{D2982147-CC4A-425C-916C-C08660601F88}.Debug|Any CPU.Build.0 = Debug|Any CPU
		{D2982147-CC4A-425C-916C-C08660601F88}.Debug|x64.ActiveCfg = Debug|Any CPU
		{D2982147-CC4A-425C-916C-C08660601F88}.Debug|x64.Build.0 = Debug|Any CPU
		{D2982147-CC4A-425C-916C-C08660601F88}.Debug|x86.ActiveCfg = Debug|Any CPU
		{D2982147-CC4A-425C-916C-C08660601F88}.Debug|x86.Build.0 = Debug|Any CPU
		{D2982147-CC4A-425C-916C-C08660601F88}.Release|Any CPU.ActiveCfg = Release|Any CPU
		{D2982147-CC4A-425C-916C-C08660601F88}.Release|Any CPU.Build.0 = Release|Any CPU
		{D2982147-CC4A-425C-916C-C08660601F88}.Release|x64.ActiveCfg = Release|Any CPU
		{D2982147-CC4A-425C-916C-C08660601F88}.Release|x64.Build.0 = Release|Any CPU
		{D2982147-CC4A-425C-916C-C08660601F88}.Release|x86.ActiveCfg = Release|Any CPU
		{D2982147-CC4A-425C-916C-C08660601F88}.Release|x86.Build.0 = Release|Any CPU
		{9727E677-22C3-49B8-A89E-A19E2188D257}.Debug|Any CPU.ActiveCfg = Debug|Any CPU
		{9727E677-22C3-49B8-A89E-A19E2188D257}.Debug|Any CPU.Build.0 = Debug|Any CPU
		{9727E677-22C3-49B8-A89E-A19E2188D257}.Debug|x64.ActiveCfg = Debug|Any CPU
		{9727E677-22C3-49B8-A89E-A19E2188D257}.Debug|x64.Build.0 = Debug|Any CPU
		{9727E677-22C3-49B8-A89E-A19E2188D257}.Debug|x86.ActiveCfg = Debug|Any CPU
		{9727E677-22C3-49B8-A89E-A19E2188D257}.Debug|x86.Build.0 = Debug|Any CPU
		{9727E677-22C3-49B8-A89E-A19E2188D257}.Release|Any CPU.ActiveCfg = Release|Any CPU
		{9727E677-22C3-49B8-A89E-A19E2188D257}.Release|Any CPU.Build.0 = Release|Any CPU
		{9727E677-22C3-49B8-A89E-A19E2188D257}.Release|x64.ActiveCfg = Release|Any CPU
		{9727E677-22C3-49B8-A89E-A19E2188D257}.Release|x64.Build.0 = Release|Any CPU
		{9727E677-22C3-49B8-A89E-A19E2188D257}.Release|x86.ActiveCfg = Release|Any CPU
		{9727E677-22C3-49B8-A89E-A19E2188D257}.Release|x86.Build.0 = Release|Any CPU
		{35CE5FAF-43BB-4F46-B49C-0378C69D00F3}.Debug|Any CPU.ActiveCfg = Debug|Any CPU
		{35CE5FAF-43BB-4F46-B49C-0378C69D00F3}.Debug|Any CPU.Build.0 = Debug|Any CPU
		{35CE5FAF-43BB-4F46-B49C-0378C69D00F3}.Debug|x64.ActiveCfg = Debug|Any CPU
		{35CE5FAF-43BB-4F46-B49C-0378C69D00F3}.Debug|x64.Build.0 = Debug|Any CPU
		{35CE5FAF-43BB-4F46-B49C-0378C69D00F3}.Debug|x86.ActiveCfg = Debug|Any CPU
		{35CE5FAF-43BB-4F46-B49C-0378C69D00F3}.Debug|x86.Build.0 = Debug|Any CPU
		{35CE5FAF-43BB-4F46-B49C-0378C69D00F3}.Release|Any CPU.ActiveCfg = Debug|Any CPU
		{35CE5FAF-43BB-4F46-B49C-0378C69D00F3}.Release|Any CPU.Build.0 = Debug|Any CPU
		{35CE5FAF-43BB-4F46-B49C-0378C69D00F3}.Release|x64.ActiveCfg = Debug|Any CPU
		{35CE5FAF-43BB-4F46-B49C-0378C69D00F3}.Release|x64.Build.0 = Debug|Any CPU
		{35CE5FAF-43BB-4F46-B49C-0378C69D00F3}.Release|x86.ActiveCfg = Debug|Any CPU
		{35CE5FAF-43BB-4F46-B49C-0378C69D00F3}.Release|x86.Build.0 = Debug|Any CPU
		{9B78CDC4-A328-49F1-B9C6-450AC51D295A}.Debug|Any CPU.ActiveCfg = Debug|Any CPU
		{9B78CDC4-A328-49F1-B9C6-450AC51D295A}.Debug|Any CPU.Build.0 = Debug|Any CPU
		{9B78CDC4-A328-49F1-B9C6-450AC51D295A}.Debug|x64.ActiveCfg = Debug|Any CPU
		{9B78CDC4-A328-49F1-B9C6-450AC51D295A}.Debug|x64.Build.0 = Debug|Any CPU
		{9B78CDC4-A328-49F1-B9C6-450AC51D295A}.Debug|x86.ActiveCfg = Debug|Any CPU
		{9B78CDC4-A328-49F1-B9C6-450AC51D295A}.Debug|x86.Build.0 = Debug|Any CPU
		{9B78CDC4-A328-49F1-B9C6-450AC51D295A}.Release|Any CPU.ActiveCfg = Release|Any CPU
		{9B78CDC4-A328-49F1-B9C6-450AC51D295A}.Release|Any CPU.Build.0 = Release|Any CPU
		{9B78CDC4-A328-49F1-B9C6-450AC51D295A}.Release|x64.ActiveCfg = Release|Any CPU
		{9B78CDC4-A328-49F1-B9C6-450AC51D295A}.Release|x64.Build.0 = Release|Any CPU
		{9B78CDC4-A328-49F1-B9C6-450AC51D295A}.Release|x86.ActiveCfg = Release|Any CPU
		{9B78CDC4-A328-49F1-B9C6-450AC51D295A}.Release|x86.Build.0 = Release|Any CPU
		{EB083AB8-0376-41BE-A148-14E30D42525A}.Debug|Any CPU.ActiveCfg = Debug|Any CPU
		{EB083AB8-0376-41BE-A148-14E30D42525A}.Debug|Any CPU.Build.0 = Debug|Any CPU
		{EB083AB8-0376-41BE-A148-14E30D42525A}.Debug|x64.ActiveCfg = Debug|Any CPU
		{EB083AB8-0376-41BE-A148-14E30D42525A}.Debug|x64.Build.0 = Debug|Any CPU
		{EB083AB8-0376-41BE-A148-14E30D42525A}.Debug|x86.ActiveCfg = Debug|Any CPU
		{EB083AB8-0376-41BE-A148-14E30D42525A}.Debug|x86.Build.0 = Debug|Any CPU
		{EB083AB8-0376-41BE-A148-14E30D42525A}.Release|Any CPU.ActiveCfg = Release|Any CPU
		{EB083AB8-0376-41BE-A148-14E30D42525A}.Release|Any CPU.Build.0 = Release|Any CPU
		{EB083AB8-0376-41BE-A148-14E30D42525A}.Release|x64.ActiveCfg = Release|Any CPU
		{EB083AB8-0376-41BE-A148-14E30D42525A}.Release|x64.Build.0 = Release|Any CPU
		{EB083AB8-0376-41BE-A148-14E30D42525A}.Release|x86.ActiveCfg = Release|Any CPU
		{EB083AB8-0376-41BE-A148-14E30D42525A}.Release|x86.Build.0 = Release|Any CPU
		{C0B016BB-985F-4747-BD17-833467CA3D5B}.Debug|Any CPU.ActiveCfg = Debug|Any CPU
		{C0B016BB-985F-4747-BD17-833467CA3D5B}.Debug|Any CPU.Build.0 = Debug|Any CPU
		{C0B016BB-985F-4747-BD17-833467CA3D5B}.Debug|x64.ActiveCfg = Debug|Any CPU
		{C0B016BB-985F-4747-BD17-833467CA3D5B}.Debug|x64.Build.0 = Debug|Any CPU
		{C0B016BB-985F-4747-BD17-833467CA3D5B}.Debug|x86.ActiveCfg = Debug|Any CPU
		{C0B016BB-985F-4747-BD17-833467CA3D5B}.Debug|x86.Build.0 = Debug|Any CPU
		{C0B016BB-985F-4747-BD17-833467CA3D5B}.Release|Any CPU.ActiveCfg = Release|Any CPU
		{C0B016BB-985F-4747-BD17-833467CA3D5B}.Release|Any CPU.Build.0 = Release|Any CPU
		{C0B016BB-985F-4747-BD17-833467CA3D5B}.Release|x64.ActiveCfg = Release|Any CPU
		{C0B016BB-985F-4747-BD17-833467CA3D5B}.Release|x64.Build.0 = Release|Any CPU
		{C0B016BB-985F-4747-BD17-833467CA3D5B}.Release|x86.ActiveCfg = Release|Any CPU
		{C0B016BB-985F-4747-BD17-833467CA3D5B}.Release|x86.Build.0 = Release|Any CPU
	EndGlobalSection
	GlobalSection(NestedProjects) = preSolution
		{82A7AE35-0821-4D4D-B7ED-BEDA90BCF6BE} = {498B8432-4C60-4822-8D54-8EE55C8B2C74}
		{CB3E167D-8457-4C50-9B4A-E4903E04C776} = {498B8432-4C60-4822-8D54-8EE55C8B2C74}
		{C21B990C-37C4-4E78-852E-2949A28377DB} = {498B8432-4C60-4822-8D54-8EE55C8B2C74}
		{4E2BA9C2-9ECD-46F3-981D-82B405A9BF87} = {498B8432-4C60-4822-8D54-8EE55C8B2C74}
		{17DE461D-3E88-4717-94D9-CDB5DF19549C} = {DA3703EC-DE8B-4A5B-BF8C-13F713C25B77}
		{D2982147-CC4A-425C-916C-C08660601F88} = {DA3703EC-DE8B-4A5B-BF8C-13F713C25B77}
		{9727E677-22C3-49B8-A89E-A19E2188D257} = {DA3703EC-DE8B-4A5B-BF8C-13F713C25B77}
		{35CE5FAF-43BB-4F46-B49C-0378C69D00F3} = {DA3703EC-DE8B-4A5B-BF8C-13F713C25B77}
		{9B78CDC4-A328-49F1-B9C6-450AC51D295A} = {DA3703EC-DE8B-4A5B-BF8C-13F713C25B77}
		{EB083AB8-0376-41BE-A148-14E30D42525A} = {DA3703EC-DE8B-4A5B-BF8C-13F713C25B77}
		{C0B016BB-985F-4747-BD17-833467CA3D5B} = {DA3703EC-DE8B-4A5B-BF8C-13F713C25B77}
	EndGlobalSection
EndGlobal
