
Microsoft Visual Studio Solution File, Format Version 12.00
# Visual Studio Version 16
VisualStudioVersion = 16.0.30114.105
MinimumVisualStudioVersion = 10.0.40219.1
Project("{2150E333-8FDC-42A3-9474-1A3956D46DE8}") = "Item01", "Item01", "{623D8A54-D84B-4286-9A60-498D6C6E62CA}"
EndProject
Project("{9A19103F-16F7-4668-BE54-9A1E7A4F7556}") = "01.1.TiposDeValor", "Item01\01.1.TiposDeValor\01.1.TiposDeValor.csproj", "{4C33B87B-003F-4DA5-8DA0-593095C81B11}"
EndProject
Project("{9A19103F-16F7-4668-BE54-9A1E7A4F7556}") = "01.2.TiposDeReferencia", "Item01\01.2.Coleta\01.2.TiposDeReferencia.csproj", "{DE5B99E9-F321-47A1-9855-DEA18C9C15A3}"
EndProject
Project("{9A19103F-16F7-4668-BE54-9A1E7A4F7556}") = "01.3.Finalizador", "Item01\01.3.Finalizador\01.3.Finalizador.csproj", "{B2986232-4184-4BDA-A5C3-4974E0E0E1D0}"
EndProject
Project("{2150E333-8FDC-42A3-9474-1A3956D46DE8}") = "Item02", "Item02", "{DA28C963-8444-46C3-A61B-E54E9ACE850C}"
EndProject
Project("{9A19103F-16F7-4668-BE54-9A1E7A4F7556}") = "02.1.string builder", "Item02\02.1.string builder\02.1.string builder.csproj", "{8E88F329-DBCB-4DD7-BB63-309B560E4D37}"
EndProject
Project("{9A19103F-16F7-4668-BE54-9A1E7A4F7556}") = "02.2.string reader", "Item02\02.2.string reader\02.2.string reader.csproj", "{CB39132A-20E7-452B-8C3E-54FAB4ABE40B}"
EndProject
Project("{9A19103F-16F7-4668-BE54-9A1E7A4F7556}") = "02.3.string writer", "Item02\02.3.string writer\02.3.string writer.csproj", "{BB0B1457-F539-4D23-8B9B-052BD339D7F1}"
EndProject
Project("{9A19103F-16F7-4668-BE54-9A1E7A4F7556}") = "02.5.enumerar", "Item02\02.5.enumerar\02.5.enumerar.csproj", "{9DB5AC4D-259E-4016-B602-EF499E924446}"
EndProject
Project("{9A19103F-16F7-4668-BE54-9A1E7A4F7556}") = "02.6 formatar", "Item02\02.6 formatar\02.6 formatar.csproj", "{B6817D6A-3550-43C1-B6C7-6874DA73CB9E}"
EndProject
Project("{9A19103F-16F7-4668-BE54-9A1E7A4F7556}") = "02.7 interpolacao", "Item02\02.7 interpolacao\02.7 interpolacao.csproj", "{40B3ECD1-6BF2-4FA4-B765-36B14CFBFFBD}"
EndProject
Project("{FAE04EC0-301F-11D3-BF4B-00C04F79EFBC}") = "01.4.IDisposable", "Item01\01.4.IDisposable\01.4.IDisposable.csproj", "{4E2BA9C2-9ECD-46F3-981D-82B405A9BF87}"
EndProject
Project("{FAE04EC0-301F-11D3-BF4B-00C04F79EFBC}") = "02.4.pesquisa", "Item02\02.4.pesquisa\02.4.pesquisa.csproj", "{35CE5FAF-43BB-4F46-B49C-0378C69D00F3}"
EndProject
Global
	GlobalSection(SolutionConfigurationPlatforms) = preSolution
		Debug|Any CPU = Debug|Any CPU
		Debug|x64 = Debug|x64
		Debug|x86 = Debug|x86
		Release|Any CPU = Release|Any CPU
		Release|x64 = Release|x64
		Release|x86 = Release|x86
	EndGlobalSection
	GlobalSection(ProjectConfigurationPlatforms) = postSolution
		{4C33B87B-003F-4DA5-8DA0-593095C81B11}.Debug|Any CPU.ActiveCfg = Debug|Any CPU
		{4C33B87B-003F-4DA5-8DA0-593095C81B11}.Debug|Any CPU.Build.0 = Debug|Any CPU
		{4C33B87B-003F-4DA5-8DA0-593095C81B11}.Debug|x64.ActiveCfg = Debug|Any CPU
		{4C33B87B-003F-4DA5-8DA0-593095C81B11}.Debug|x64.Build.0 = Debug|Any CPU
		{4C33B87B-003F-4DA5-8DA0-593095C81B11}.Debug|x86.ActiveCfg = Debug|Any CPU
		{4C33B87B-003F-4DA5-8DA0-593095C81B11}.Debug|x86.Build.0 = Debug|Any CPU
		{4C33B87B-003F-4DA5-8DA0-593095C81B11}.Release|Any CPU.ActiveCfg = Release|Any CPU
		{4C33B87B-003F-4DA5-8DA0-593095C81B11}.Release|Any CPU.Build.0 = Release|Any CPU
		{4C33B87B-003F-4DA5-8DA0-593095C81B11}.Release|x64.ActiveCfg = Release|Any CPU
		{4C33B87B-003F-4DA5-8DA0-593095C81B11}.Release|x64.Build.0 = Release|Any CPU
		{4C33B87B-003F-4DA5-8DA0-593095C81B11}.Release|x86.ActiveCfg = Release|Any CPU
		{4C33B87B-003F-4DA5-8DA0-593095C81B11}.Release|x86.Build.0 = Release|Any CPU
		{DE5B99E9-F321-47A1-9855-DEA18C9C15A3}.Debug|Any CPU.ActiveCfg = Debug|Any CPU
		{DE5B99E9-F321-47A1-9855-DEA18C9C15A3}.Debug|Any CPU.Build.0 = Debug|Any CPU
		{DE5B99E9-F321-47A1-9855-DEA18C9C15A3}.Debug|x64.ActiveCfg = Debug|Any CPU
		{DE5B99E9-F321-47A1-9855-DEA18C9C15A3}.Debug|x64.Build.0 = Debug|Any CPU
		{DE5B99E9-F321-47A1-9855-DEA18C9C15A3}.Debug|x86.ActiveCfg = Debug|Any CPU
		{DE5B99E9-F321-47A1-9855-DEA18C9C15A3}.Debug|x86.Build.0 = Debug|Any CPU
		{DE5B99E9-F321-47A1-9855-DEA18C9C15A3}.Release|Any CPU.ActiveCfg = Release|Any CPU
		{DE5B99E9-F321-47A1-9855-DEA18C9C15A3}.Release|Any CPU.Build.0 = Release|Any CPU
		{DE5B99E9-F321-47A1-9855-DEA18C9C15A3}.Release|x64.ActiveCfg = Release|Any CPU
		{DE5B99E9-F321-47A1-9855-DEA18C9C15A3}.Release|x64.Build.0 = Release|Any CPU
		{DE5B99E9-F321-47A1-9855-DEA18C9C15A3}.Release|x86.ActiveCfg = Release|Any CPU
		{DE5B99E9-F321-47A1-9855-DEA18C9C15A3}.Release|x86.Build.0 = Release|Any CPU
		{B2986232-4184-4BDA-A5C3-4974E0E0E1D0}.Debug|Any CPU.ActiveCfg = Debug|Any CPU
		{B2986232-4184-4BDA-A5C3-4974E0E0E1D0}.Debug|Any CPU.Build.0 = Debug|Any CPU
		{B2986232-4184-4BDA-A5C3-4974E0E0E1D0}.Debug|x64.ActiveCfg = Debug|Any CPU
		{B2986232-4184-4BDA-A5C3-4974E0E0E1D0}.Debug|x64.Build.0 = Debug|Any CPU
		{B2986232-4184-4BDA-A5C3-4974E0E0E1D0}.Debug|x86.ActiveCfg = Debug|Any CPU
		{B2986232-4184-4BDA-A5C3-4974E0E0E1D0}.Debug|x86.Build.0 = Debug|Any CPU
		{B2986232-4184-4BDA-A5C3-4974E0E0E1D0}.Release|Any CPU.ActiveCfg = Release|Any CPU
		{B2986232-4184-4BDA-A5C3-4974E0E0E1D0}.Release|Any CPU.Build.0 = Release|Any CPU
		{B2986232-4184-4BDA-A5C3-4974E0E0E1D0}.Release|x64.ActiveCfg = Release|Any CPU
		{B2986232-4184-4BDA-A5C3-4974E0E0E1D0}.Release|x64.Build.0 = Release|Any CPU
		{B2986232-4184-4BDA-A5C3-4974E0E0E1D0}.Release|x86.ActiveCfg = Release|Any CPU
		{B2986232-4184-4BDA-A5C3-4974E0E0E1D0}.Release|x86.Build.0 = Release|Any CPU
		{8E88F329-DBCB-4DD7-BB63-309B560E4D37}.Debug|Any CPU.ActiveCfg = Debug|Any CPU
		{8E88F329-DBCB-4DD7-BB63-309B560E4D37}.Debug|Any CPU.Build.0 = Debug|Any CPU
		{8E88F329-DBCB-4DD7-BB63-309B560E4D37}.Debug|x64.ActiveCfg = Debug|Any CPU
		{8E88F329-DBCB-4DD7-BB63-309B560E4D37}.Debug|x64.Build.0 = Debug|Any CPU
		{8E88F329-DBCB-4DD7-BB63-309B560E4D37}.Debug|x86.ActiveCfg = Debug|Any CPU
		{8E88F329-DBCB-4DD7-BB63-309B560E4D37}.Debug|x86.Build.0 = Debug|Any CPU
		{8E88F329-DBCB-4DD7-BB63-309B560E4D37}.Release|Any CPU.ActiveCfg = Release|Any CPU
		{8E88F329-DBCB-4DD7-BB63-309B560E4D37}.Release|Any CPU.Build.0 = Release|Any CPU
		{8E88F329-DBCB-4DD7-BB63-309B560E4D37}.Release|x64.ActiveCfg = Release|Any CPU
		{8E88F329-DBCB-4DD7-BB63-309B560E4D37}.Release|x64.Build.0 = Release|Any CPU
		{8E88F329-DBCB-4DD7-BB63-309B560E4D37}.Release|x86.ActiveCfg = Release|Any CPU
		{8E88F329-DBCB-4DD7-BB63-309B560E4D37}.Release|x86.Build.0 = Release|Any CPU
		{CB39132A-20E7-452B-8C3E-54FAB4ABE40B}.Debug|Any CPU.ActiveCfg = Debug|Any CPU
		{CB39132A-20E7-452B-8C3E-54FAB4ABE40B}.Debug|Any CPU.Build.0 = Debug|Any CPU
		{CB39132A-20E7-452B-8C3E-54FAB4ABE40B}.Debug|x64.ActiveCfg = Debug|Any CPU
		{CB39132A-20E7-452B-8C3E-54FAB4ABE40B}.Debug|x64.Build.0 = Debug|Any CPU
		{CB39132A-20E7-452B-8C3E-54FAB4ABE40B}.Debug|x86.ActiveCfg = Debug|Any CPU
		{CB39132A-20E7-452B-8C3E-54FAB4ABE40B}.Debug|x86.Build.0 = Debug|Any CPU
		{CB39132A-20E7-452B-8C3E-54FAB4ABE40B}.Release|Any CPU.ActiveCfg = Release|Any CPU
		{CB39132A-20E7-452B-8C3E-54FAB4ABE40B}.Release|Any CPU.Build.0 = Release|Any CPU
		{CB39132A-20E7-452B-8C3E-54FAB4ABE40B}.Release|x64.ActiveCfg = Release|Any CPU
		{CB39132A-20E7-452B-8C3E-54FAB4ABE40B}.Release|x64.Build.0 = Release|Any CPU
		{CB39132A-20E7-452B-8C3E-54FAB4ABE40B}.Release|x86.ActiveCfg = Release|Any CPU
		{CB39132A-20E7-452B-8C3E-54FAB4ABE40B}.Release|x86.Build.0 = Release|Any CPU
		{BB0B1457-F539-4D23-8B9B-052BD339D7F1}.Debug|Any CPU.ActiveCfg = Debug|Any CPU
		{BB0B1457-F539-4D23-8B9B-052BD339D7F1}.Debug|Any CPU.Build.0 = Debug|Any CPU
		{BB0B1457-F539-4D23-8B9B-052BD339D7F1}.Debug|x64.ActiveCfg = Debug|Any CPU
		{BB0B1457-F539-4D23-8B9B-052BD339D7F1}.Debug|x64.Build.0 = Debug|Any CPU
		{BB0B1457-F539-4D23-8B9B-052BD339D7F1}.Debug|x86.ActiveCfg = Debug|Any CPU
		{BB0B1457-F539-4D23-8B9B-052BD339D7F1}.Debug|x86.Build.0 = Debug|Any CPU
		{BB0B1457-F539-4D23-8B9B-052BD339D7F1}.Release|Any CPU.ActiveCfg = Release|Any CPU
		{BB0B1457-F539-4D23-8B9B-052BD339D7F1}.Release|Any CPU.Build.0 = Release|Any CPU
		{BB0B1457-F539-4D23-8B9B-052BD339D7F1}.Release|x64.ActiveCfg = Release|Any CPU
		{BB0B1457-F539-4D23-8B9B-052BD339D7F1}.Release|x64.Build.0 = Release|Any CPU
		{BB0B1457-F539-4D23-8B9B-052BD339D7F1}.Release|x86.ActiveCfg = Release|Any CPU
		{BB0B1457-F539-4D23-8B9B-052BD339D7F1}.Release|x86.Build.0 = Release|Any CPU
		{9DB5AC4D-259E-4016-B602-EF499E924446}.Debug|Any CPU.ActiveCfg = Debug|Any CPU
		{9DB5AC4D-259E-4016-B602-EF499E924446}.Debug|Any CPU.Build.0 = Debug|Any CPU
		{9DB5AC4D-259E-4016-B602-EF499E924446}.Debug|x64.ActiveCfg = Debug|Any CPU
		{9DB5AC4D-259E-4016-B602-EF499E924446}.Debug|x64.Build.0 = Debug|Any CPU
		{9DB5AC4D-259E-4016-B602-EF499E924446}.Debug|x86.ActiveCfg = Debug|Any CPU
		{9DB5AC4D-259E-4016-B602-EF499E924446}.Debug|x86.Build.0 = Debug|Any CPU
		{9DB5AC4D-259E-4016-B602-EF499E924446}.Release|Any CPU.ActiveCfg = Release|Any CPU
		{9DB5AC4D-259E-4016-B602-EF499E924446}.Release|Any CPU.Build.0 = Release|Any CPU
		{9DB5AC4D-259E-4016-B602-EF499E924446}.Release|x64.ActiveCfg = Release|Any CPU
		{9DB5AC4D-259E-4016-B602-EF499E924446}.Release|x64.Build.0 = Release|Any CPU
		{9DB5AC4D-259E-4016-B602-EF499E924446}.Release|x86.ActiveCfg = Release|Any CPU
		{9DB5AC4D-259E-4016-B602-EF499E924446}.Release|x86.Build.0 = Release|Any CPU
		{B6817D6A-3550-43C1-B6C7-6874DA73CB9E}.Debug|Any CPU.ActiveCfg = Debug|Any CPU
		{B6817D6A-3550-43C1-B6C7-6874DA73CB9E}.Debug|Any CPU.Build.0 = Debug|Any CPU
		{B6817D6A-3550-43C1-B6C7-6874DA73CB9E}.Debug|x64.ActiveCfg = Debug|Any CPU
		{B6817D6A-3550-43C1-B6C7-6874DA73CB9E}.Debug|x64.Build.0 = Debug|Any CPU
		{B6817D6A-3550-43C1-B6C7-6874DA73CB9E}.Debug|x86.ActiveCfg = Debug|Any CPU
		{B6817D6A-3550-43C1-B6C7-6874DA73CB9E}.Debug|x86.Build.0 = Debug|Any CPU
		{B6817D6A-3550-43C1-B6C7-6874DA73CB9E}.Release|Any CPU.ActiveCfg = Release|Any CPU
		{B6817D6A-3550-43C1-B6C7-6874DA73CB9E}.Release|Any CPU.Build.0 = Release|Any CPU
		{B6817D6A-3550-43C1-B6C7-6874DA73CB9E}.Release|x64.ActiveCfg = Release|Any CPU
		{B6817D6A-3550-43C1-B6C7-6874DA73CB9E}.Release|x64.Build.0 = Release|Any CPU
		{B6817D6A-3550-43C1-B6C7-6874DA73CB9E}.Release|x86.ActiveCfg = Release|Any CPU
		{B6817D6A-3550-43C1-B6C7-6874DA73CB9E}.Release|x86.Build.0 = Release|Any CPU
		{40B3ECD1-6BF2-4FA4-B765-36B14CFBFFBD}.Debug|Any CPU.ActiveCfg = Debug|Any CPU
		{40B3ECD1-6BF2-4FA4-B765-36B14CFBFFBD}.Debug|Any CPU.Build.0 = Debug|Any CPU
		{40B3ECD1-6BF2-4FA4-B765-36B14CFBFFBD}.Debug|x64.ActiveCfg = Debug|Any CPU
		{40B3ECD1-6BF2-4FA4-B765-36B14CFBFFBD}.Debug|x64.Build.0 = Debug|Any CPU
		{40B3ECD1-6BF2-4FA4-B765-36B14CFBFFBD}.Debug|x86.ActiveCfg = Debug|Any CPU
		{40B3ECD1-6BF2-4FA4-B765-36B14CFBFFBD}.Debug|x86.Build.0 = Debug|Any CPU
		{40B3ECD1-6BF2-4FA4-B765-36B14CFBFFBD}.Release|Any CPU.ActiveCfg = Release|Any CPU
		{40B3ECD1-6BF2-4FA4-B765-36B14CFBFFBD}.Release|Any CPU.Build.0 = Release|Any CPU
		{40B3ECD1-6BF2-4FA4-B765-36B14CFBFFBD}.Release|x64.ActiveCfg = Release|Any CPU
		{40B3ECD1-6BF2-4FA4-B765-36B14CFBFFBD}.Release|x64.Build.0 = Release|Any CPU
		{40B3ECD1-6BF2-4FA4-B765-36B14CFBFFBD}.Release|x86.ActiveCfg = Release|Any CPU
		{40B3ECD1-6BF2-4FA4-B765-36B14CFBFFBD}.Release|x86.Build.0 = Release|Any CPU
		{4E2BA9C2-9ECD-46F3-981D-82B405A9BF87}.Debug|Any CPU.ActiveCfg = Debug|Any CPU
		{4E2BA9C2-9ECD-46F3-981D-82B405A9BF87}.Debug|Any CPU.Build.0 = Debug|Any CPU
		{4E2BA9C2-9ECD-46F3-981D-82B405A9BF87}.Debug|x64.ActiveCfg = Debug|Any CPU
		{4E2BA9C2-9ECD-46F3-981D-82B405A9BF87}.Debug|x64.Build.0 = Debug|Any CPU
		{4E2BA9C2-9ECD-46F3-981D-82B405A9BF87}.Debug|x86.ActiveCfg = Debug|Any CPU
		{4E2BA9C2-9ECD-46F3-981D-82B405A9BF87}.Debug|x86.Build.0 = Debug|Any CPU
		{4E2BA9C2-9ECD-46F3-981D-82B405A9BF87}.Release|Any CPU.ActiveCfg = Release|Any CPU
		{4E2BA9C2-9ECD-46F3-981D-82B405A9BF87}.Release|Any CPU.Build.0 = Release|Any CPU
		{4E2BA9C2-9ECD-46F3-981D-82B405A9BF87}.Release|x64.ActiveCfg = Release|Any CPU
		{4E2BA9C2-9ECD-46F3-981D-82B405A9BF87}.Release|x64.Build.0 = Release|Any CPU
		{4E2BA9C2-9ECD-46F3-981D-82B405A9BF87}.Release|x86.ActiveCfg = Release|Any CPU
		{4E2BA9C2-9ECD-46F3-981D-82B405A9BF87}.Release|x86.Build.0 = Release|Any CPU
		{35CE5FAF-43BB-4F46-B49C-0378C69D00F3}.Debug|Any CPU.ActiveCfg = Debug|Any CPU
		{35CE5FAF-43BB-4F46-B49C-0378C69D00F3}.Debug|Any CPU.Build.0 = Debug|Any CPU
		{35CE5FAF-43BB-4F46-B49C-0378C69D00F3}.Debug|x64.ActiveCfg = Debug|Any CPU
		{35CE5FAF-43BB-4F46-B49C-0378C69D00F3}.Debug|x64.Build.0 = Debug|Any CPU
		{35CE5FAF-43BB-4F46-B49C-0378C69D00F3}.Debug|x86.ActiveCfg = Debug|Any CPU
		{35CE5FAF-43BB-4F46-B49C-0378C69D00F3}.Debug|x86.Build.0 = Debug|Any CPU
		{35CE5FAF-43BB-4F46-B49C-0378C69D00F3}.Release|Any CPU.ActiveCfg = Release|Any CPU
		{35CE5FAF-43BB-4F46-B49C-0378C69D00F3}.Release|Any CPU.Build.0 = Release|Any CPU
		{35CE5FAF-43BB-4F46-B49C-0378C69D00F3}.Release|x64.ActiveCfg = Release|Any CPU
		{35CE5FAF-43BB-4F46-B49C-0378C69D00F3}.Release|x64.Build.0 = Release|Any CPU
		{35CE5FAF-43BB-4F46-B49C-0378C69D00F3}.Release|x86.ActiveCfg = Release|Any CPU
		{35CE5FAF-43BB-4F46-B49C-0378C69D00F3}.Release|x86.Build.0 = Release|Any CPU
	EndGlobalSection
	GlobalSection(SolutionProperties) = preSolution
		HideSolutionNode = FALSE
	EndGlobalSection
	GlobalSection(NestedProjects) = preSolution
		{4C33B87B-003F-4DA5-8DA0-593095C81B11} = {623D8A54-D84B-4286-9A60-498D6C6E62CA}
		{DE5B99E9-F321-47A1-9855-DEA18C9C15A3} = {623D8A54-D84B-4286-9A60-498D6C6E62CA}
		{B2986232-4184-4BDA-A5C3-4974E0E0E1D0} = {623D8A54-D84B-4286-9A60-498D6C6E62CA}
		{8E88F329-DBCB-4DD7-BB63-309B560E4D37} = {DA28C963-8444-46C3-A61B-E54E9ACE850C}
		{CB39132A-20E7-452B-8C3E-54FAB4ABE40B} = {DA28C963-8444-46C3-A61B-E54E9ACE850C}
		{BB0B1457-F539-4D23-8B9B-052BD339D7F1} = {DA28C963-8444-46C3-A61B-E54E9ACE850C}
		{9DB5AC4D-259E-4016-B602-EF499E924446} = {DA28C963-8444-46C3-A61B-E54E9ACE850C}
		{B6817D6A-3550-43C1-B6C7-6874DA73CB9E} = {DA28C963-8444-46C3-A61B-E54E9ACE850C}
		{40B3ECD1-6BF2-4FA4-B765-36B14CFBFFBD} = {DA28C963-8444-46C3-A61B-E54E9ACE850C}
		{4E2BA9C2-9ECD-46F3-981D-82B405A9BF87} = {623D8A54-D84B-4286-9A60-498D6C6E62CA}
		{35CE5FAF-43BB-4F46-B49C-0378C69D00F3} = {DA28C963-8444-46C3-A61B-E54E9ACE850C}
	EndGlobalSection
	GlobalSection(ExtensibilityGlobals) = postSolution
		SolutionGuid = {BAC3D641-D6D9-418F-9F9C-42DC80D32729}
	EndGlobalSection
EndGlobal
