
Microsoft Visual Studio Solution File, Format Version 12.00
# Visual Studio Version 16
VisualStudioVersion = 16.0.31702.278
MinimumVisualStudioVersion = 10.0.40219.1
Project("{2150E333-8FDC-42A3-9474-1A3956D46DE8}") = "01 eventos", "01 eventos", "{39C0490E-1B72-42C2-8043-A3A398A4E5F8}"
EndProject
Project("{2150E333-8FDC-42A3-9474-1A3956D46DE8}") = "02 linq--", "02 linq--", "{1251E13E-E3F5-42F1-A998-60D096B86887}"
EndProject
Project("{2150E333-8FDC-42A3-9474-1A3956D46DE8}") = "02.01 consultar", "02.01 consultar", "{A41FF17C-4E04-4838-B7F5-FB8452669B57}"
EndProject
Project("{2150E333-8FDC-42A3-9474-1A3956D46DE8}") = "02.02 sintaxe de consulta", "02.02 sintaxe de consulta", "{DBB4E0D7-9DCE-4D70-93EF-BC7D645C9F9B}"
EndProject
Project("{2150E333-8FDC-42A3-9474-1A3956D46DE8}") = "02.04 forcar execucao", "02.04 forcar execucao", "{B9CE7BE5-6394-4096-AE55-4824502C92E1}"
EndProject
Project("{2150E333-8FDC-42A3-9474-1A3956D46DE8}") = "02.05 linq to xml", "02.05 linq to xml", "{CB3DFBF1-56B0-41F6-B744-FFED7E0EFE4E}"
EndProject
Project("{2150E333-8FDC-42A3-9474-1A3956D46DE8}") = "antes", "antes", "{9B378449-A8A7-4BD9-B6A3-5D44B705897F}"
EndProject
Project("{2150E333-8FDC-42A3-9474-1A3956D46DE8}") = "depois", "depois", "{2ED45B10-BA6A-4CEB-A8A4-656B02A58E87}"
EndProject
Project("{2150E333-8FDC-42A3-9474-1A3956D46DE8}") = "antes", "antes", "{79A1CEEF-DAEA-4D6E-8866-C8E421CFFB31}"
EndProject
Project("{2150E333-8FDC-42A3-9474-1A3956D46DE8}") = "depois", "depois", "{04ED84BF-9737-443E-8E68-85811970588B}"
EndProject
Project("{2150E333-8FDC-42A3-9474-1A3956D46DE8}") = "antes", "antes", "{482770C2-BB3B-42B7-8AC7-84DFFA519470}"
EndProject
Project("{2150E333-8FDC-42A3-9474-1A3956D46DE8}") = "depois", "depois", "{3489AE12-3827-485D-826C-6E1BC071BFBF}"
EndProject
Project("{2150E333-8FDC-42A3-9474-1A3956D46DE8}") = "antes", "antes", "{46142056-AF45-40F8-A7E0-45F9F462BA68}"
EndProject
Project("{2150E333-8FDC-42A3-9474-1A3956D46DE8}") = "depois", "depois", "{58BB5A3B-F1DC-4922-8133-6FEE89A57D88}"
EndProject
Project("{9A19103F-16F7-4668-BE54-9A1E7A4F7556}") = "02.01", "02\02.01\depois\02.01.csproj", "{6AD00ADB-304D-4322-95B2-1A5DC96F6435}"
EndProject
Project("{9A19103F-16F7-4668-BE54-9A1E7A4F7556}") = "02.04", "02\02.04\depois\02.04.csproj", "{A709216F-CDD8-40A8-A813-45FF812448E5}"
EndProject
Project("{9A19103F-16F7-4668-BE54-9A1E7A4F7556}") = "02.05", "02\02.05\depois\02.05.csproj", "{31363B6C-DBA9-465A-846D-38EF40AA2A3F}"
EndProject
Project("{9A19103F-16F7-4668-BE54-9A1E7A4F7556}") = "02.01_pratique", "02\02.01\antes\02.01_pratique.csproj", "{5827C275-0F57-4C6E-AF71-1D20F01E4B56}"
EndProject
Project("{9A19103F-16F7-4668-BE54-9A1E7A4F7556}") = "02.02_pratique", "02\02.02\antes\02.02_pratique.csproj", "{6BD305D0-7F46-4B3A-8436-6A030819DAAA}"
EndProject
Project("{9A19103F-16F7-4668-BE54-9A1E7A4F7556}") = "02.02", "02\02.02\depois\02.02.csproj", "{56056E40-B55B-43BC-9CBE-B3F494494DCA}"
EndProject
Project("{2150E333-8FDC-42A3-9474-1A3956D46DE8}") = "02.03 sintaxe de método", "02.03 sintaxe de método", "{7C65E95F-251C-49C5-835F-13F578A7E80C}"
EndProject
Project("{2150E333-8FDC-42A3-9474-1A3956D46DE8}") = "antes", "antes", "{83FC2ECC-F746-40D1-874C-28CDB1EDBCA4}"
EndProject
Project("{2150E333-8FDC-42A3-9474-1A3956D46DE8}") = "depois", "depois", "{71D5C0ED-08EF-46B7-99DB-49F857684169}"
EndProject
Project("{9A19103F-16F7-4668-BE54-9A1E7A4F7556}") = "02.03", "02\02.03\depois\02.03.csproj", "{1079DD41-0331-41F0-B955-D1F724E32193}"
EndProject
Project("{9A19103F-16F7-4668-BE54-9A1E7A4F7556}") = "02.03_pratique", "02\02.03\antes\02.03_pratique.csproj", "{E32D37C0-1815-4499-B0E9-33033FA66D1B}"
EndProject
Project("{9A19103F-16F7-4668-BE54-9A1E7A4F7556}") = "02.04_pratique", "02\02.04\antes\02.04_pratique.csproj", "{D8B6F90F-4D68-4BF7-851C-06D135DE81D4}"
EndProject
Project("{9A19103F-16F7-4668-BE54-9A1E7A4F7556}") = "02.05_pratique", "02\02.05\antes\02.05_pratique.csproj", "{37450C97-DEF6-434C-9EE5-8ADC76A038C5}"
EndProject
Project("{9A19103F-16F7-4668-BE54-9A1E7A4F7556}") = "action", "01 eventos\action\action.csproj", "{3F90B1BE-1113-464B-844B-DC592AA88C5F}"
EndProject
Project("{2150E333-8FDC-42A3-9474-1A3956D46DE8}") = "action", "action", "{C177376F-44D4-443C-B6C3-1962845AC625}"
EndProject
Project("{2150E333-8FDC-42A3-9474-1A3956D46DE8}") = "event_handler", "event_handler", "{96BBF4DA-478F-4126-A4C4-D1639CEEF412}"
EndProject
Project("{9A19103F-16F7-4668-BE54-9A1E7A4F7556}") = "event_handler", "01 eventos\event_handler\event_handler.csproj", "{63CEBE73-7047-44B5-A3B2-4DBD99703F81}"
EndProject
Project("{2150E333-8FDC-42A3-9474-1A3956D46DE8}") = "generic_event", "generic_event", "{D27783A1-3FF4-4CD4-9C41-1CCECE9B97F9}"
EndProject
Project("{9A19103F-16F7-4668-BE54-9A1E7A4F7556}") = "event_handler_generic_argument", "01 eventos\generic_event\event_handler_generic_argument.csproj", "{DB71C9D6-36F6-40A0-95EB-C281DDEAFB1B}"
EndProject
Project("{2150E333-8FDC-42A3-9474-1A3956D46DE8}") = "event_handler_bounded_calls", "event_handler_bounded_calls", "{02DCA762-97B1-4790-810B-C8613E31A3FC}"
EndProject
Project("{9A19103F-16F7-4668-BE54-9A1E7A4F7556}") = "event_handler_bounded_calls", "01 eventos\event_handler_bounded_calls\event_handler_bounded_calls.csproj", "{695A9B0F-B33E-43AC-93DA-E5D0CF21D27E}"
EndProject
Project("{2150E333-8FDC-42A3-9474-1A3956D46DE8}") = "delegate", "delegate", "{FED92C74-784F-4C55-9D30-DD1F0A02370D}"
EndProject
Project("{9A19103F-16F7-4668-BE54-9A1E7A4F7556}") = "delegate", "01 eventos\delegate\delegate.csproj", "{B4B50FB0-4890-4186-9485-EE12AB77EB5E}"
EndProject
Project("{2150E333-8FDC-42A3-9474-1A3956D46DE8}") = "lambda", "lambda", "{61FBF256-2A8F-4579-8988-CF38499856CE}"
EndProject
Project("{9A19103F-16F7-4668-BE54-9A1E7A4F7556}") = "lambdas", "01 eventos\lambdas\lambdas.csproj", "{4B4D3531-18F1-4A8C-AFFA-092DDECC13B8}"
EndProject
Project("{2150E333-8FDC-42A3-9474-1A3956D46DE8}") = "02 linq", "02 linq", "{19D52696-3F1A-4760-AC08-BA3D145C9612}"
EndProject
Project("{9A19103F-16F7-4668-BE54-9A1E7A4F7556}") = "Linq_Consultar", "02 linq\Linq_consultar\Linq_Consultar\Linq_Consultar.csproj", "{214528EE-1953-4694-9810-7CE49EDB5B99}"
EndProject
Project("{2150E333-8FDC-42A3-9474-1A3956D46DE8}") = "Consultar", "Consultar", "{B5B6E51C-AA92-49C3-9FA4-D77845EF3526}"
EndProject
Project("{9A19103F-16F7-4668-BE54-9A1E7A4F7556}") = "Linq_Projetar", "02 linq\Linq_Projetar\Linq_Projetar\Linq_Projetar.csproj", "{6017A2EC-A831-4A09-81AF-0AC04D14A745}"
EndProject
Project("{2150E333-8FDC-42A3-9474-1A3956D46DE8}") = "Projetar", "Projetar", "{F8288A4A-68B8-493E-87B6-388B24EC2C51}"
EndProject
Global
	GlobalSection(SolutionConfigurationPlatforms) = preSolution
		Debug|Any CPU = Debug|Any CPU
		Release|Any CPU = Release|Any CPU
	EndGlobalSection
	GlobalSection(ProjectConfigurationPlatforms) = postSolution
		{6AD00ADB-304D-4322-95B2-1A5DC96F6435}.Debug|Any CPU.ActiveCfg = Debug|Any CPU
		{6AD00ADB-304D-4322-95B2-1A5DC96F6435}.Debug|Any CPU.Build.0 = Debug|Any CPU
		{6AD00ADB-304D-4322-95B2-1A5DC96F6435}.Release|Any CPU.ActiveCfg = Release|Any CPU
		{6AD00ADB-304D-4322-95B2-1A5DC96F6435}.Release|Any CPU.Build.0 = Release|Any CPU
		{A709216F-CDD8-40A8-A813-45FF812448E5}.Debug|Any CPU.ActiveCfg = Debug|Any CPU
		{A709216F-CDD8-40A8-A813-45FF812448E5}.Debug|Any CPU.Build.0 = Debug|Any CPU
		{A709216F-CDD8-40A8-A813-45FF812448E5}.Release|Any CPU.ActiveCfg = Release|Any CPU
		{A709216F-CDD8-40A8-A813-45FF812448E5}.Release|Any CPU.Build.0 = Release|Any CPU
		{31363B6C-DBA9-465A-846D-38EF40AA2A3F}.Debug|Any CPU.ActiveCfg = Debug|Any CPU
		{31363B6C-DBA9-465A-846D-38EF40AA2A3F}.Debug|Any CPU.Build.0 = Debug|Any CPU
		{31363B6C-DBA9-465A-846D-38EF40AA2A3F}.Release|Any CPU.ActiveCfg = Release|Any CPU
		{31363B6C-DBA9-465A-846D-38EF40AA2A3F}.Release|Any CPU.Build.0 = Release|Any CPU
		{5827C275-0F57-4C6E-AF71-1D20F01E4B56}.Debug|Any CPU.ActiveCfg = Debug|Any CPU
		{5827C275-0F57-4C6E-AF71-1D20F01E4B56}.Debug|Any CPU.Build.0 = Debug|Any CPU
		{5827C275-0F57-4C6E-AF71-1D20F01E4B56}.Release|Any CPU.ActiveCfg = Release|Any CPU
		{5827C275-0F57-4C6E-AF71-1D20F01E4B56}.Release|Any CPU.Build.0 = Release|Any CPU
		{6BD305D0-7F46-4B3A-8436-6A030819DAAA}.Debug|Any CPU.ActiveCfg = Debug|Any CPU
		{6BD305D0-7F46-4B3A-8436-6A030819DAAA}.Debug|Any CPU.Build.0 = Debug|Any CPU
		{6BD305D0-7F46-4B3A-8436-6A030819DAAA}.Release|Any CPU.ActiveCfg = Release|Any CPU
		{6BD305D0-7F46-4B3A-8436-6A030819DAAA}.Release|Any CPU.Build.0 = Release|Any CPU
		{56056E40-B55B-43BC-9CBE-B3F494494DCA}.Debug|Any CPU.ActiveCfg = Debug|Any CPU
		{56056E40-B55B-43BC-9CBE-B3F494494DCA}.Debug|Any CPU.Build.0 = Debug|Any CPU
		{56056E40-B55B-43BC-9CBE-B3F494494DCA}.Release|Any CPU.ActiveCfg = Release|Any CPU
		{56056E40-B55B-43BC-9CBE-B3F494494DCA}.Release|Any CPU.Build.0 = Release|Any CPU
		{1079DD41-0331-41F0-B955-D1F724E32193}.Debug|Any CPU.ActiveCfg = Debug|Any CPU
		{1079DD41-0331-41F0-B955-D1F724E32193}.Debug|Any CPU.Build.0 = Debug|Any CPU
		{1079DD41-0331-41F0-B955-D1F724E32193}.Release|Any CPU.ActiveCfg = Release|Any CPU
		{1079DD41-0331-41F0-B955-D1F724E32193}.Release|Any CPU.Build.0 = Release|Any CPU
		{E32D37C0-1815-4499-B0E9-33033FA66D1B}.Debug|Any CPU.ActiveCfg = Debug|Any CPU
		{E32D37C0-1815-4499-B0E9-33033FA66D1B}.Debug|Any CPU.Build.0 = Debug|Any CPU
		{E32D37C0-1815-4499-B0E9-33033FA66D1B}.Release|Any CPU.ActiveCfg = Release|Any CPU
		{E32D37C0-1815-4499-B0E9-33033FA66D1B}.Release|Any CPU.Build.0 = Release|Any CPU
		{D8B6F90F-4D68-4BF7-851C-06D135DE81D4}.Debug|Any CPU.ActiveCfg = Debug|Any CPU
		{D8B6F90F-4D68-4BF7-851C-06D135DE81D4}.Debug|Any CPU.Build.0 = Debug|Any CPU
		{D8B6F90F-4D68-4BF7-851C-06D135DE81D4}.Release|Any CPU.ActiveCfg = Release|Any CPU
		{D8B6F90F-4D68-4BF7-851C-06D135DE81D4}.Release|Any CPU.Build.0 = Release|Any CPU
		{37450C97-DEF6-434C-9EE5-8ADC76A038C5}.Debug|Any CPU.ActiveCfg = Debug|Any CPU
		{37450C97-DEF6-434C-9EE5-8ADC76A038C5}.Debug|Any CPU.Build.0 = Debug|Any CPU
		{37450C97-DEF6-434C-9EE5-8ADC76A038C5}.Release|Any CPU.ActiveCfg = Release|Any CPU
		{37450C97-DEF6-434C-9EE5-8ADC76A038C5}.Release|Any CPU.Build.0 = Release|Any CPU
		{3F90B1BE-1113-464B-844B-DC592AA88C5F}.Debug|Any CPU.ActiveCfg = Debug|Any CPU
		{3F90B1BE-1113-464B-844B-DC592AA88C5F}.Debug|Any CPU.Build.0 = Debug|Any CPU
		{3F90B1BE-1113-464B-844B-DC592AA88C5F}.Release|Any CPU.ActiveCfg = Release|Any CPU
		{3F90B1BE-1113-464B-844B-DC592AA88C5F}.Release|Any CPU.Build.0 = Release|Any CPU
		{63CEBE73-7047-44B5-A3B2-4DBD99703F81}.Debug|Any CPU.ActiveCfg = Debug|Any CPU
		{63CEBE73-7047-44B5-A3B2-4DBD99703F81}.Debug|Any CPU.Build.0 = Debug|Any CPU
		{63CEBE73-7047-44B5-A3B2-4DBD99703F81}.Release|Any CPU.ActiveCfg = Release|Any CPU
		{63CEBE73-7047-44B5-A3B2-4DBD99703F81}.Release|Any CPU.Build.0 = Release|Any CPU
		{DB71C9D6-36F6-40A0-95EB-C281DDEAFB1B}.Debug|Any CPU.ActiveCfg = Debug|Any CPU
		{DB71C9D6-36F6-40A0-95EB-C281DDEAFB1B}.Debug|Any CPU.Build.0 = Debug|Any CPU
		{DB71C9D6-36F6-40A0-95EB-C281DDEAFB1B}.Release|Any CPU.ActiveCfg = Release|Any CPU
		{DB71C9D6-36F6-40A0-95EB-C281DDEAFB1B}.Release|Any CPU.Build.0 = Release|Any CPU
		{695A9B0F-B33E-43AC-93DA-E5D0CF21D27E}.Debug|Any CPU.ActiveCfg = Debug|Any CPU
		{695A9B0F-B33E-43AC-93DA-E5D0CF21D27E}.Debug|Any CPU.Build.0 = Debug|Any CPU
		{695A9B0F-B33E-43AC-93DA-E5D0CF21D27E}.Release|Any CPU.ActiveCfg = Release|Any CPU
		{695A9B0F-B33E-43AC-93DA-E5D0CF21D27E}.Release|Any CPU.Build.0 = Release|Any CPU
		{B4B50FB0-4890-4186-9485-EE12AB77EB5E}.Debug|Any CPU.ActiveCfg = Debug|Any CPU
		{B4B50FB0-4890-4186-9485-EE12AB77EB5E}.Debug|Any CPU.Build.0 = Debug|Any CPU
		{B4B50FB0-4890-4186-9485-EE12AB77EB5E}.Release|Any CPU.ActiveCfg = Release|Any CPU
		{B4B50FB0-4890-4186-9485-EE12AB77EB5E}.Release|Any CPU.Build.0 = Release|Any CPU
		{4B4D3531-18F1-4A8C-AFFA-092DDECC13B8}.Debug|Any CPU.ActiveCfg = Debug|Any CPU
		{4B4D3531-18F1-4A8C-AFFA-092DDECC13B8}.Debug|Any CPU.Build.0 = Debug|Any CPU
		{4B4D3531-18F1-4A8C-AFFA-092DDECC13B8}.Release|Any CPU.ActiveCfg = Release|Any CPU
		{4B4D3531-18F1-4A8C-AFFA-092DDECC13B8}.Release|Any CPU.Build.0 = Release|Any CPU
		{214528EE-1953-4694-9810-7CE49EDB5B99}.Debug|Any CPU.ActiveCfg = Debug|Any CPU
		{214528EE-1953-4694-9810-7CE49EDB5B99}.Debug|Any CPU.Build.0 = Debug|Any CPU
		{214528EE-1953-4694-9810-7CE49EDB5B99}.Release|Any CPU.ActiveCfg = Release|Any CPU
		{214528EE-1953-4694-9810-7CE49EDB5B99}.Release|Any CPU.Build.0 = Release|Any CPU
		{6017A2EC-A831-4A09-81AF-0AC04D14A745}.Debug|Any CPU.ActiveCfg = Debug|Any CPU
		{6017A2EC-A831-4A09-81AF-0AC04D14A745}.Debug|Any CPU.Build.0 = Debug|Any CPU
		{6017A2EC-A831-4A09-81AF-0AC04D14A745}.Release|Any CPU.ActiveCfg = Release|Any CPU
		{6017A2EC-A831-4A09-81AF-0AC04D14A745}.Release|Any CPU.Build.0 = Release|Any CPU
	EndGlobalSection
	GlobalSection(SolutionProperties) = preSolution
		HideSolutionNode = FALSE
	EndGlobalSection
	GlobalSection(NestedProjects) = preSolution
		{A41FF17C-4E04-4838-B7F5-FB8452669B57} = {1251E13E-E3F5-42F1-A998-60D096B86887}
		{DBB4E0D7-9DCE-4D70-93EF-BC7D645C9F9B} = {1251E13E-E3F5-42F1-A998-60D096B86887}
		{B9CE7BE5-6394-4096-AE55-4824502C92E1} = {1251E13E-E3F5-42F1-A998-60D096B86887}
		{CB3DFBF1-56B0-41F6-B744-FFED7E0EFE4E} = {1251E13E-E3F5-42F1-A998-60D096B86887}
		{9B378449-A8A7-4BD9-B6A3-5D44B705897F} = {A41FF17C-4E04-4838-B7F5-FB8452669B57}
		{2ED45B10-BA6A-4CEB-A8A4-656B02A58E87} = {A41FF17C-4E04-4838-B7F5-FB8452669B57}
		{79A1CEEF-DAEA-4D6E-8866-C8E421CFFB31} = {DBB4E0D7-9DCE-4D70-93EF-BC7D645C9F9B}
		{04ED84BF-9737-443E-8E68-85811970588B} = {DBB4E0D7-9DCE-4D70-93EF-BC7D645C9F9B}
		{482770C2-BB3B-42B7-8AC7-84DFFA519470} = {B9CE7BE5-6394-4096-AE55-4824502C92E1}
		{3489AE12-3827-485D-826C-6E1BC071BFBF} = {B9CE7BE5-6394-4096-AE55-4824502C92E1}
		{46142056-AF45-40F8-A7E0-45F9F462BA68} = {CB3DFBF1-56B0-41F6-B744-FFED7E0EFE4E}
		{58BB5A3B-F1DC-4922-8133-6FEE89A57D88} = {CB3DFBF1-56B0-41F6-B744-FFED7E0EFE4E}
		{6AD00ADB-304D-4322-95B2-1A5DC96F6435} = {2ED45B10-BA6A-4CEB-A8A4-656B02A58E87}
		{A709216F-CDD8-40A8-A813-45FF812448E5} = {3489AE12-3827-485D-826C-6E1BC071BFBF}
		{31363B6C-DBA9-465A-846D-38EF40AA2A3F} = {58BB5A3B-F1DC-4922-8133-6FEE89A57D88}
		{5827C275-0F57-4C6E-AF71-1D20F01E4B56} = {9B378449-A8A7-4BD9-B6A3-5D44B705897F}
		{6BD305D0-7F46-4B3A-8436-6A030819DAAA} = {79A1CEEF-DAEA-4D6E-8866-C8E421CFFB31}
		{56056E40-B55B-43BC-9CBE-B3F494494DCA} = {04ED84BF-9737-443E-8E68-85811970588B}
		{7C65E95F-251C-49C5-835F-13F578A7E80C} = {1251E13E-E3F5-42F1-A998-60D096B86887}
		{83FC2ECC-F746-40D1-874C-28CDB1EDBCA4} = {7C65E95F-251C-49C5-835F-13F578A7E80C}
		{71D5C0ED-08EF-46B7-99DB-49F857684169} = {7C65E95F-251C-49C5-835F-13F578A7E80C}
		{1079DD41-0331-41F0-B955-D1F724E32193} = {71D5C0ED-08EF-46B7-99DB-49F857684169}
		{E32D37C0-1815-4499-B0E9-33033FA66D1B} = {83FC2ECC-F746-40D1-874C-28CDB1EDBCA4}
		{D8B6F90F-4D68-4BF7-851C-06D135DE81D4} = {482770C2-BB3B-42B7-8AC7-84DFFA519470}
		{37450C97-DEF6-434C-9EE5-8ADC76A038C5} = {46142056-AF45-40F8-A7E0-45F9F462BA68}
		{3F90B1BE-1113-464B-844B-DC592AA88C5F} = {C177376F-44D4-443C-B6C3-1962845AC625}
		{C177376F-44D4-443C-B6C3-1962845AC625} = {39C0490E-1B72-42C2-8043-A3A398A4E5F8}
		{96BBF4DA-478F-4126-A4C4-D1639CEEF412} = {39C0490E-1B72-42C2-8043-A3A398A4E5F8}
		{63CEBE73-7047-44B5-A3B2-4DBD99703F81} = {96BBF4DA-478F-4126-A4C4-D1639CEEF412}
		{D27783A1-3FF4-4CD4-9C41-1CCECE9B97F9} = {39C0490E-1B72-42C2-8043-A3A398A4E5F8}
		{DB71C9D6-36F6-40A0-95EB-C281DDEAFB1B} = {D27783A1-3FF4-4CD4-9C41-1CCECE9B97F9}
		{02DCA762-97B1-4790-810B-C8613E31A3FC} = {39C0490E-1B72-42C2-8043-A3A398A4E5F8}
		{695A9B0F-B33E-43AC-93DA-E5D0CF21D27E} = {02DCA762-97B1-4790-810B-C8613E31A3FC}
		{FED92C74-784F-4C55-9D30-DD1F0A02370D} = {39C0490E-1B72-42C2-8043-A3A398A4E5F8}
		{B4B50FB0-4890-4186-9485-EE12AB77EB5E} = {FED92C74-784F-4C55-9D30-DD1F0A02370D}
		{61FBF256-2A8F-4579-8988-CF38499856CE} = {39C0490E-1B72-42C2-8043-A3A398A4E5F8}
		{4B4D3531-18F1-4A8C-AFFA-092DDECC13B8} = {61FBF256-2A8F-4579-8988-CF38499856CE}
		{214528EE-1953-4694-9810-7CE49EDB5B99} = {B5B6E51C-AA92-49C3-9FA4-D77845EF3526}
		{B5B6E51C-AA92-49C3-9FA4-D77845EF3526} = {19D52696-3F1A-4760-AC08-BA3D145C9612}
		{6017A2EC-A831-4A09-81AF-0AC04D14A745} = {F8288A4A-68B8-493E-87B6-388B24EC2C51}
		{F8288A4A-68B8-493E-87B6-388B24EC2C51} = {19D52696-3F1A-4760-AC08-BA3D145C9612}
	EndGlobalSection
	GlobalSection(ExtensibilityGlobals) = postSolution
		SolutionGuid = {7835C130-E023-4C0A-B6B8-AA00390EFF9C}
	EndGlobalSection
EndGlobal
