
Microsoft Visual Studio Solution File, Format Version 12.00
# Visual Studio Version 17
VisualStudioVersion = 17.1.32210.238
MinimumVisualStudioVersion = 10.0.40219.1
Project("{9A19103F-16F7-4668-BE54-9A1E7A4F7556}") = "Parallel", "Parallel\Parallel.csproj", "{718B87BB-6BE7-4E2C-9EE1-46A2333A2826}"
EndProject
Project("{2150E333-8FDC-42A3-9474-1A3956D46DE8}") = "Parallel", "Parallel", "{C9BFFED6-FAEE-4C27-964A-367B97105D28}"
EndProject
Project("{2150E333-8FDC-42A3-9474-1A3956D46DE8}") = "PLinq", "PLinq", "{D4AEC53E-1E22-4E9B-8C77-D42A71438743}"
EndProject
Project("{9A19103F-16F7-4668-BE54-9A1E7A4F7556}") = "PLinq", "PLinq\PLinq.csproj", "{145CD920-EF1F-4BB8-8C6E-50961EDC7ADE}"
EndProject
Project("{2150E333-8FDC-42A3-9474-1A3956D46DE8}") = "StateParallel", "StateParallel", "{04D30679-F86F-4E7C-9E5A-5A5073B4995C}"
EndProject
Project("{9A19103F-16F7-4668-BE54-9A1E7A4F7556}") = "StateParallel", "StateParallel\StateParallel.csproj", "{A94E531C-C939-4C50-B688-0AAE537A26CA}"
EndProject
Project("{2150E333-8FDC-42A3-9474-1A3956D46DE8}") = "ConsultasParalelas", "ConsultasParalelas", "{CC7DFA3B-08D1-4EA1-893C-CB5C543E521C}"
EndProject
Project("{9A19103F-16F7-4668-BE54-9A1E7A4F7556}") = "ConsultasParalelas", "ConsultasParalelas\ConsultasParalelas.csproj", "{98C12156-0F8D-4BD3-9BC3-3DACBC29E6D5}"
EndProject
Project("{2150E333-8FDC-42A3-9474-1A3956D46DE8}") = "Tasks", "Tasks", "{180DBC95-6CD2-411D-B8FD-C0740C35F2EE}"
EndProject
Project("{2150E333-8FDC-42A3-9474-1A3956D46DE8}") = "EsperaContinuacaoEHierarquia", "EsperaContinuacaoEHierarquia", "{9E7E2A0B-2814-45EF-A4F2-6484C14849CF}"
EndProject
Project("{9A19103F-16F7-4668-BE54-9A1E7A4F7556}") = "AguardandoVariasTarefas", "AguardandoVariasTarefas\AguardandoVariasTarefas.csproj", "{02B6BE05-AF38-44BB-A247-211E4E672F61}"
EndProject
Project("{9A19103F-16F7-4668-BE54-9A1E7A4F7556}") = "OrquestrandoTarefas", "OrquestrandoTarefas\OrquestrandoTarefas.csproj", "{40C71EB8-1FBE-40F5-B5D9-093B2C924C12}"
EndProject
Project("{9A19103F-16F7-4668-BE54-9A1E7A4F7556}") = "HierarquiaDeTarefas", "HierarquiaDeTarefas\HierarquiaDeTarefas.csproj", "{75461C62-8A07-4534-BFBD-2363D568ED85}"
EndProject
Project("{2150E333-8FDC-42A3-9474-1A3956D46DE8}") = "Threads", "Threads", "{657FA065-4039-4368-987C-467A114A12C3}"
EndProject
Project("{9A19103F-16F7-4668-BE54-9A1E7A4F7556}") = "Threads", "Threads\Threads.csproj", "{DCB78350-42D2-4282-9E6D-F8F0BD4AF7B5}"
EndProject
Project("{9A19103F-16F7-4668-BE54-9A1E7A4F7556}") = "Tasks", "Tasks\Tasks.csproj", "{9056F51C-4CCD-4987-B0A0-6E887F1135C4}"
EndProject
Project("{9A19103F-16F7-4668-BE54-9A1E7A4F7556}") = "ThreadsSincronia", "ThreadsSincronia\ThreadsSincronia.csproj", "{98DFAB74-5231-43B2-8233-6316A6B5FD41}"
EndProject
Project("{9A19103F-16F7-4668-BE54-9A1E7A4F7556}") = "ThreadInfo", "ThreadInfo\ThreadInfo.csproj", "{BBBBEAFC-A2E3-49B1-B4F7-F3959B07AF1D}"
EndProject
Project("{9A19103F-16F7-4668-BE54-9A1E7A4F7556}") = "ThreadPool", "ThreadPool\ThreadPool.csproj", "{5331EC2E-0CBB-48AA-98B4-4CFA9983BD1D}"
EndProject
Project("{9A19103F-16F7-4668-BE54-9A1E7A4F7556}") = "AppFormsComThread", "AppFormsComThread\AppFormsComThread.csproj", "{B9CD71FA-C360-41CE-B277-7B671BC8B4FE}"
EndProject
Project("{9A19103F-16F7-4668-BE54-9A1E7A4F7556}") = "AppFormsComTask", "AppFormsComTask\AppFormsComTask.csproj", "{68009841-DE81-4486-B378-CAFBC6521AC1}"
EndProject
Project("{FAE04EC0-301F-11D3-BF4B-00C04F79EFBC}") = "DictionaryThreadSafe", "DictionaryThreadSafe\DictionaryThreadSafe.csproj", "{6C3B08CF-2216-48B8-B397-E9DF067651CC}"
EndProject
Global
	GlobalSection(SolutionConfigurationPlatforms) = preSolution
		Debug|Any CPU = Debug|Any CPU
		Release|Any CPU = Release|Any CPU
	EndGlobalSection
	GlobalSection(ProjectConfigurationPlatforms) = postSolution
		{718B87BB-6BE7-4E2C-9EE1-46A2333A2826}.Debug|Any CPU.ActiveCfg = Debug|Any CPU
		{718B87BB-6BE7-4E2C-9EE1-46A2333A2826}.Debug|Any CPU.Build.0 = Debug|Any CPU
		{718B87BB-6BE7-4E2C-9EE1-46A2333A2826}.Release|Any CPU.ActiveCfg = Release|Any CPU
		{718B87BB-6BE7-4E2C-9EE1-46A2333A2826}.Release|Any CPU.Build.0 = Release|Any CPU
		{145CD920-EF1F-4BB8-8C6E-50961EDC7ADE}.Debug|Any CPU.ActiveCfg = Debug|Any CPU
		{145CD920-EF1F-4BB8-8C6E-50961EDC7ADE}.Debug|Any CPU.Build.0 = Debug|Any CPU
		{145CD920-EF1F-4BB8-8C6E-50961EDC7ADE}.Release|Any CPU.ActiveCfg = Release|Any CPU
		{145CD920-EF1F-4BB8-8C6E-50961EDC7ADE}.Release|Any CPU.Build.0 = Release|Any CPU
		{A94E531C-C939-4C50-B688-0AAE537A26CA}.Debug|Any CPU.ActiveCfg = Debug|Any CPU
		{A94E531C-C939-4C50-B688-0AAE537A26CA}.Debug|Any CPU.Build.0 = Debug|Any CPU
		{A94E531C-C939-4C50-B688-0AAE537A26CA}.Release|Any CPU.ActiveCfg = Release|Any CPU
		{A94E531C-C939-4C50-B688-0AAE537A26CA}.Release|Any CPU.Build.0 = Release|Any CPU
		{98C12156-0F8D-4BD3-9BC3-3DACBC29E6D5}.Debug|Any CPU.ActiveCfg = Debug|Any CPU
		{98C12156-0F8D-4BD3-9BC3-3DACBC29E6D5}.Debug|Any CPU.Build.0 = Debug|Any CPU
		{98C12156-0F8D-4BD3-9BC3-3DACBC29E6D5}.Release|Any CPU.ActiveCfg = Release|Any CPU
		{98C12156-0F8D-4BD3-9BC3-3DACBC29E6D5}.Release|Any CPU.Build.0 = Release|Any CPU
		{02B6BE05-AF38-44BB-A247-211E4E672F61}.Debug|Any CPU.ActiveCfg = Debug|Any CPU
		{02B6BE05-AF38-44BB-A247-211E4E672F61}.Debug|Any CPU.Build.0 = Debug|Any CPU
		{02B6BE05-AF38-44BB-A247-211E4E672F61}.Release|Any CPU.ActiveCfg = Release|Any CPU
		{02B6BE05-AF38-44BB-A247-211E4E672F61}.Release|Any CPU.Build.0 = Release|Any CPU
		{40C71EB8-1FBE-40F5-B5D9-093B2C924C12}.Debug|Any CPU.ActiveCfg = Debug|Any CPU
		{40C71EB8-1FBE-40F5-B5D9-093B2C924C12}.Debug|Any CPU.Build.0 = Debug|Any CPU
		{40C71EB8-1FBE-40F5-B5D9-093B2C924C12}.Release|Any CPU.ActiveCfg = Release|Any CPU
		{40C71EB8-1FBE-40F5-B5D9-093B2C924C12}.Release|Any CPU.Build.0 = Release|Any CPU
		{75461C62-8A07-4534-BFBD-2363D568ED85}.Debug|Any CPU.ActiveCfg = Debug|Any CPU
		{75461C62-8A07-4534-BFBD-2363D568ED85}.Debug|Any CPU.Build.0 = Debug|Any CPU
		{75461C62-8A07-4534-BFBD-2363D568ED85}.Release|Any CPU.ActiveCfg = Release|Any CPU
		{75461C62-8A07-4534-BFBD-2363D568ED85}.Release|Any CPU.Build.0 = Release|Any CPU
		{DCB78350-42D2-4282-9E6D-F8F0BD4AF7B5}.Debug|Any CPU.ActiveCfg = Debug|Any CPU
		{DCB78350-42D2-4282-9E6D-F8F0BD4AF7B5}.Debug|Any CPU.Build.0 = Debug|Any CPU
		{DCB78350-42D2-4282-9E6D-F8F0BD4AF7B5}.Release|Any CPU.ActiveCfg = Release|Any CPU
		{DCB78350-42D2-4282-9E6D-F8F0BD4AF7B5}.Release|Any CPU.Build.0 = Release|Any CPU
		{9056F51C-4CCD-4987-B0A0-6E887F1135C4}.Debug|Any CPU.ActiveCfg = Debug|Any CPU
		{9056F51C-4CCD-4987-B0A0-6E887F1135C4}.Debug|Any CPU.Build.0 = Debug|Any CPU
		{9056F51C-4CCD-4987-B0A0-6E887F1135C4}.Release|Any CPU.ActiveCfg = Release|Any CPU
		{9056F51C-4CCD-4987-B0A0-6E887F1135C4}.Release|Any CPU.Build.0 = Release|Any CPU
		{98DFAB74-5231-43B2-8233-6316A6B5FD41}.Debug|Any CPU.ActiveCfg = Debug|Any CPU
		{98DFAB74-5231-43B2-8233-6316A6B5FD41}.Debug|Any CPU.Build.0 = Debug|Any CPU
		{98DFAB74-5231-43B2-8233-6316A6B5FD41}.Release|Any CPU.ActiveCfg = Release|Any CPU
		{98DFAB74-5231-43B2-8233-6316A6B5FD41}.Release|Any CPU.Build.0 = Release|Any CPU
		{BBBBEAFC-A2E3-49B1-B4F7-F3959B07AF1D}.Debug|Any CPU.ActiveCfg = Debug|Any CPU
		{BBBBEAFC-A2E3-49B1-B4F7-F3959B07AF1D}.Debug|Any CPU.Build.0 = Debug|Any CPU
		{BBBBEAFC-A2E3-49B1-B4F7-F3959B07AF1D}.Release|Any CPU.ActiveCfg = Release|Any CPU
		{BBBBEAFC-A2E3-49B1-B4F7-F3959B07AF1D}.Release|Any CPU.Build.0 = Release|Any CPU
		{5331EC2E-0CBB-48AA-98B4-4CFA9983BD1D}.Debug|Any CPU.ActiveCfg = Debug|Any CPU
		{5331EC2E-0CBB-48AA-98B4-4CFA9983BD1D}.Debug|Any CPU.Build.0 = Debug|Any CPU
		{5331EC2E-0CBB-48AA-98B4-4CFA9983BD1D}.Release|Any CPU.ActiveCfg = Release|Any CPU
		{5331EC2E-0CBB-48AA-98B4-4CFA9983BD1D}.Release|Any CPU.Build.0 = Release|Any CPU
		{B9CD71FA-C360-41CE-B277-7B671BC8B4FE}.Debug|Any CPU.ActiveCfg = Debug|Any CPU
		{B9CD71FA-C360-41CE-B277-7B671BC8B4FE}.Debug|Any CPU.Build.0 = Debug|Any CPU
		{B9CD71FA-C360-41CE-B277-7B671BC8B4FE}.Release|Any CPU.ActiveCfg = Release|Any CPU
		{B9CD71FA-C360-41CE-B277-7B671BC8B4FE}.Release|Any CPU.Build.0 = Release|Any CPU
		{68009841-DE81-4486-B378-CAFBC6521AC1}.Debug|Any CPU.ActiveCfg = Debug|Any CPU
		{68009841-DE81-4486-B378-CAFBC6521AC1}.Debug|Any CPU.Build.0 = Debug|Any CPU
		{68009841-DE81-4486-B378-CAFBC6521AC1}.Release|Any CPU.ActiveCfg = Release|Any CPU
		{68009841-DE81-4486-B378-CAFBC6521AC1}.Release|Any CPU.Build.0 = Release|Any CPU
		{6C3B08CF-2216-48B8-B397-E9DF067651CC}.Debug|Any CPU.ActiveCfg = Debug|Any CPU
		{6C3B08CF-2216-48B8-B397-E9DF067651CC}.Debug|Any CPU.Build.0 = Debug|Any CPU
		{6C3B08CF-2216-48B8-B397-E9DF067651CC}.Release|Any CPU.ActiveCfg = Release|Any CPU
		{6C3B08CF-2216-48B8-B397-E9DF067651CC}.Release|Any CPU.Build.0 = Release|Any CPU
	EndGlobalSection
	GlobalSection(SolutionProperties) = preSolution
		HideSolutionNode = FALSE
	EndGlobalSection
	GlobalSection(NestedProjects) = preSolution
		{718B87BB-6BE7-4E2C-9EE1-46A2333A2826} = {C9BFFED6-FAEE-4C27-964A-367B97105D28}
		{145CD920-EF1F-4BB8-8C6E-50961EDC7ADE} = {D4AEC53E-1E22-4E9B-8C77-D42A71438743}
		{A94E531C-C939-4C50-B688-0AAE537A26CA} = {04D30679-F86F-4E7C-9E5A-5A5073B4995C}
		{98C12156-0F8D-4BD3-9BC3-3DACBC29E6D5} = {CC7DFA3B-08D1-4EA1-893C-CB5C543E521C}
		{02B6BE05-AF38-44BB-A247-211E4E672F61} = {9E7E2A0B-2814-45EF-A4F2-6484C14849CF}
		{40C71EB8-1FBE-40F5-B5D9-093B2C924C12} = {9E7E2A0B-2814-45EF-A4F2-6484C14849CF}
		{75461C62-8A07-4534-BFBD-2363D568ED85} = {9E7E2A0B-2814-45EF-A4F2-6484C14849CF}
		{DCB78350-42D2-4282-9E6D-F8F0BD4AF7B5} = {657FA065-4039-4368-987C-467A114A12C3}
		{9056F51C-4CCD-4987-B0A0-6E887F1135C4} = {180DBC95-6CD2-411D-B8FD-C0740C35F2EE}
		{98DFAB74-5231-43B2-8233-6316A6B5FD41} = {657FA065-4039-4368-987C-467A114A12C3}
		{BBBBEAFC-A2E3-49B1-B4F7-F3959B07AF1D} = {657FA065-4039-4368-987C-467A114A12C3}
		{5331EC2E-0CBB-48AA-98B4-4CFA9983BD1D} = {657FA065-4039-4368-987C-467A114A12C3}
		{B9CD71FA-C360-41CE-B277-7B671BC8B4FE} = {657FA065-4039-4368-987C-467A114A12C3}
		{68009841-DE81-4486-B378-CAFBC6521AC1} = {657FA065-4039-4368-987C-467A114A12C3}
		{6C3B08CF-2216-48B8-B397-E9DF067651CC} = {657FA065-4039-4368-987C-467A114A12C3}
	EndGlobalSection
	GlobalSection(ExtensibilityGlobals) = postSolution
		SolutionGuid = {4ED262F3-4D6B-4BFD-8509-EA5C5155429E}
	EndGlobalSection
EndGlobal
